
Microsoft Visual Studio Solution File, Format Version 12.00
# Visual Studio 15
VisualStudioVersion = 15.0.27703.2000
MinimumVisualStudioVersion = 10.0.40219.1
Project("{FAE04EC0-301F-11D3-BF4B-00C04F79EFBC}") = "WebApplication2", "WebApplication2\WebApplication2.csproj", "{1D0E7D9D-7B4D-4990-B5C9-296F90EDC4D9}"
EndProject
Project("{FAE04EC0-301F-11D3-BF4B-00C04F79EFBC}") = "Repository", "Repository\Repository.csproj", "{1292C93C-A2C4-4625-98B4-6552D64BB03F}"
EndProject
Global
	GlobalSection(SolutionConfigurationPlatforms) = preSolution
		Debug|Any CPU = Debug|Any CPU
		Release|Any CPU = Release|Any CPU
	EndGlobalSection
	GlobalSection(ProjectConfigurationPlatforms) = postSolution
		{1D0E7D9D-7B4D-4990-B5C9-296F90EDC4D9}.Debug|Any CPU.ActiveCfg = Debug|Any CPU
		{1D0E7D9D-7B4D-4990-B5C9-296F90EDC4D9}.Debug|Any CPU.Build.0 = Debug|Any CPU
		{1D0E7D9D-7B4D-4990-B5C9-296F90EDC4D9}.Release|Any CPU.ActiveCfg = Release|Any CPU
		{1D0E7D9D-7B4D-4990-B5C9-296F90EDC4D9}.Release|Any CPU.Build.0 = Release|Any CPU
		{1292C93C-A2C4-4625-98B4-6552D64BB03F}.Debug|Any CPU.ActiveCfg = Debug|Any CPU
		{1292C93C-A2C4-4625-98B4-6552D64BB03F}.Debug|Any CPU.Build.0 = Debug|Any CPU
		{1292C93C-A2C4-4625-98B4-6552D64BB03F}.Release|Any CPU.ActiveCfg = Release|Any CPU
		{1292C93C-A2C4-4625-98B4-6552D64BB03F}.Release|Any CPU.Build.0 = Release|Any CPU
	EndGlobalSection
	GlobalSection(SolutionProperties) = preSolution
		HideSolutionNode = FALSE
	EndGlobalSection
	GlobalSection(ExtensibilityGlobals) = postSolution
		SolutionGuid = {9B669DE2-8F8C-4F2E-8A00-5A4CE7A9F38A}
	EndGlobalSection
EndGlobal
